
Microsoft Visual Studio Solution File, Format Version 12.00
# Visual Studio Version 17
VisualStudioVersion = 17.9.34728.123
MinimumVisualStudioVersion = 10.0.40219.1
Project("{FAE04EC0-301F-11D3-BF4B-00C04F79EFBC}") = "assigment_OOP_1_byc#", "assigment_OOP_1_byc#\assigment_OOP_1_byc#.csproj", "{B7295DC7-CBA2-4F85-AC8D-3DC470903DB1}"
EndProject
Global
	GlobalSection(SolutionConfigurationPlatforms) = preSolution
		Debug|Any CPU = Debug|Any CPU
		Release|Any CPU = Release|Any CPU
	EndGlobalSection
	GlobalSection(ProjectConfigurationPlatforms) = postSolution
		{B7295DC7-CBA2-4F85-AC8D-3DC470903DB1}.Debug|Any CPU.ActiveCfg = Debug|Any CPU
		{B7295DC7-CBA2-4F85-AC8D-3DC470903DB1}.Debug|Any CPU.Build.0 = Debug|Any CPU
		{B7295DC7-CBA2-4F85-AC8D-3DC470903DB1}.Release|Any CPU.ActiveCfg = Release|Any CPU
		{B7295DC7-CBA2-4F85-AC8D-3DC470903DB1}.Release|Any CPU.Build.0 = Release|Any CPU
	EndGlobalSection
	GlobalSection(SolutionProperties) = preSolution
		HideSolutionNode = FALSE
	EndGlobalSection
	GlobalSection(ExtensibilityGlobals) = postSolution
		SolutionGuid = {77581449-99C4-4000-B258-BB6D69313BA6}
	EndGlobalSection
EndGlobal
